
Microsoft Visual Studio Solution File, Format Version 12.00
# Visual Studio Version 17
VisualStudioVersion = 17.11.35312.102
MinimumVisualStudioVersion = 10.0.40219.1
Project("{FAE04EC0-301F-11D3-BF4B-00C04F79EFBC}") = "FirstAPI", "FirstAPI.csproj", "{8054A1A7-D572-4FE8-99CB-6B2E8C62FDDF}"
EndProject
Global
	GlobalSection(SolutionConfigurationPlatforms) = preSolution
		Debug|Any CPU = Debug|Any CPU
		Release|Any CPU = Release|Any CPU
	EndGlobalSection
	GlobalSection(ProjectConfigurationPlatforms) = postSolution
		{8054A1A7-D572-4FE8-99CB-6B2E8C62FDDF}.Debug|Any CPU.ActiveCfg = Debug|Any CPU
		{8054A1A7-D572-4FE8-99CB-6B2E8C62FDDF}.Debug|Any CPU.Build.0 = Debug|Any CPU
		{8054A1A7-D572-4FE8-99CB-6B2E8C62FDDF}.Release|Any CPU.ActiveCfg = Release|Any CPU
		{8054A1A7-D572-4FE8-99CB-6B2E8C62FDDF}.Release|Any CPU.Build.0 = Release|Any CPU
	EndGlobalSection
	GlobalSection(SolutionProperties) = preSolution
		HideSolutionNode = FALSE
	EndGlobalSection
	GlobalSection(ExtensibilityGlobals) = postSolution
		SolutionGuid = {D2F56AFA-BAB9-4F11-BC56-C1BF275D3B1B}
	EndGlobalSection
EndGlobal
